<?xml version="1.0" encoding="utf-8"?>
<Project ToolsVersion="4.0" xmlns="http://schemas.microsoft.com/developer/msbuild/2003">
  <ItemGroup>
    <Filter Include="ISorter">
      <UniqueIdentifier>{2070098a-b951-4d1e-91ed-db9b1839cae6}</UniqueIdentifier>
    </Filter>
    <Filter Include="InsertionSort">
      <UniqueIdentifier>{93995380-89BD-4b04-88EB-625FBE52EBFB}</UniqueIdentifier>
      <Extensions>h;hh;hpp;hxx;hm;inl;inc;ipp;xsd</Extensions>
    </Filter>
    <Filter Include="Main">
      <UniqueIdentifier>{4FC737F1-C7A5-4376-A066-2A32D752A2FF}</UniqueIdentifier>
      <Extensions>cpp;c;cc;cxx;def;odl;idl;hpj;bat;asm;asmx</Extensions>
    </Filter>
  </ItemGroup>
  <ItemGroup>
    <ClCompile Include="Main.cpp">
      <Filter>Main</Filter>
    </ClCompile>
    <ClCompile Include="InsertionSort.cpp">
      <Filter>InsertionSort</Filter>
    </ClCompile>
  </ItemGroup>
  <ItemGroup>
    <ClInclude Include="InsertionSort.h">
      <Filter>InsertionSort</Filter>
    </ClInclude>
    <ClInclude Include="ISorter.h">
      <Filter>ISorter</Filter>
    </ClInclude>
  </ItemGroup>
</Project>